
Microsoft Visual Studio Solution File, Format Version 12.00
# Visual Studio 15
Project("{FAE04EC0-301F-11D3-BF4B-00C04F79EFBC}") = "Unity.Timeline", "Unity.Timeline.csproj", "{BE49C2F4-8F08-3EF2-130D-8FB6F8D2AA9A}"
EndProject
Project("{FAE04EC0-301F-11D3-BF4B-00C04F79EFBC}") = "Unity.RenderPipelines.GPUDriven.Runtime", "Unity.RenderPipelines.GPUDriven.Runtime.csproj", "{8305B41C-01F2-7B0E-A80F-9D2F45D1AE9C}"
EndProject
Project("{FAE04EC0-301F-11D3-BF4B-00C04F79EFBC}") = "Unity.PlasticSCM.Editor", "Unity.PlasticSCM.Editor.csproj", "{91663A26-53DE-1805-9A8E-13A64E18404E}"
EndProject
Project("{FAE04EC0-301F-11D3-BF4B-00C04F79EFBC}") = "Unity.2D.Aseprite.Editor", "Unity.2D.Aseprite.Editor.csproj", "{1FA615D5-17BF-20C6-8F32-5436625DA382}"
EndProject
Project("{FAE04EC0-301F-11D3-BF4B-00C04F79EFBC}") = "Unity.ShaderGraph.Editor", "Unity.ShaderGraph.Editor.csproj", "{49A2A631-8938-B125-F959-CF84645B9849}"
EndProject
Project("{FAE04EC0-301F-11D3-BF4B-00C04F79EFBC}") = "Unity.RenderPipelines.Core.Runtime", "Unity.RenderPipelines.Core.Runtime.csproj", "{8FBDCA93-C9A2-38D2-A893-24278355B27E}"
EndProject
Project("{FAE04EC0-301F-11D3-BF4B-00C04F79EFBC}") = "Unity.Mathematics", "Unity.Mathematics.csproj", "{0B85942F-1FE2-ABB2-62AA-DF545A032BAD}"
EndProject
Project("{FAE04EC0-301F-11D3-BF4B-00C04F79EFBC}") = "Unity.Timeline.Editor", "Unity.Timeline.Editor.csproj", "{BF01A88C-F9D6-02E5-3A66-9ECB077B6357}"
EndProject
Project("{FAE04EC0-301F-11D3-BF4B-00C04F79EFBC}") = "Unity.Multiplayer.Center.Editor", "Unity.Multiplayer.Center.Editor.csproj", "{F20005E6-9DBF-1713-79F6-FD5D212A2592}"
EndProject
Project("{FAE04EC0-301F-11D3-BF4B-00C04F79EFBC}") = "Unity.RenderPipelines.Core.Editor", "Unity.RenderPipelines.Core.Editor.csproj", "{03925AF7-1FAF-3010-C62C-6A68F538B136}"
EndProject
Project("{FAE04EC0-301F-11D3-BF4B-00C04F79EFBC}") = "Unity.2D.Psdimporter.Editor", "Unity.2D.Psdimporter.Editor.csproj", "{B0E1FFB2-364A-460B-00D5-6C21B05374E7}"
EndProject
Project("{FAE04EC0-301F-11D3-BF4B-00C04F79EFBC}") = "UnityEngine.UI", "UnityEngine.UI.csproj", "{9513A3FA-7DAF-9551-85FA-FF15290B86BC}"
EndProject
Project("{FAE04EC0-301F-11D3-BF4B-00C04F79EFBC}") = "Unity.2D.IK.Runtime", "Unity.2D.IK.Runtime.csproj", "{52F10408-1605-EC23-B145-03C83EB629D7}"
EndProject
Project("{FAE04EC0-301F-11D3-BF4B-00C04F79EFBC}") = "Unity.RenderPipelines.Universal.2D.Runtime", "Unity.RenderPipelines.Universal.2D.Runtime.csproj", "{13F1C2A6-46C5-58AE-EC18-3EB7DD3BE625}"
EndProject
Project("{FAE04EC0-301F-11D3-BF4B-00C04F79EFBC}") = "Unity.Collections", "Unity.Collections.csproj", "{C613D085-DFE2-14D0-0F9A-C469E1EC25D2}"
EndProject
Project("{FAE04EC0-301F-11D3-BF4B-00C04F79EFBC}") = "Unity.VisualScripting.Core.Editor", "Unity.VisualScripting.Core.Editor.csproj", "{1F40A452-7F63-4CC5-1E5D-BCD602391BCC}"
EndProject
Project("{FAE04EC0-301F-11D3-BF4B-00C04F79EFBC}") = "Unity.RenderPipelines.Universal.Editor", "Unity.RenderPipelines.Universal.Editor.csproj", "{BAA4967B-3B59-000A-C479-92EEEB1778FA}"
EndProject
Project("{FAE04EC0-301F-11D3-BF4B-00C04F79EFBC}") = "Unity.PerformanceTesting.Editor", "Unity.PerformanceTesting.Editor.csproj", "{0C8671AE-783D-A84E-EFE2-808B95EE9BB4}"
EndProject
Project("{FAE04EC0-301F-11D3-BF4B-00C04F79EFBC}") = "UnityEngine.TestRunner", "UnityEngine.TestRunner.csproj", "{3BFF3F2E-3BCD-B30A-DE91-DCB2E53F2166}"
EndProject
Project("{FAE04EC0-301F-11D3-BF4B-00C04F79EFBC}") = "Unity.2D.Tilemap.Editor", "Unity.2D.Tilemap.Editor.csproj", "{65136992-5396-F8F6-786B-A629DC12A754}"
EndProject
Project("{FAE04EC0-301F-11D3-BF4B-00C04F79EFBC}") = "Unity.Burst", "Unity.Burst.csproj", "{71473449-EC74-A375-6A00-84C636DA83FE}"
EndProject
Project("{FAE04EC0-301F-11D3-BF4B-00C04F79EFBC}") = "Unity.VisualScripting.Flow.Editor", "Unity.VisualScripting.Flow.Editor.csproj", "{387042D6-7C55-D0AF-3735-50967F26EA07}"
EndProject
Project("{FAE04EC0-301F-11D3-BF4B-00C04F79EFBC}") = "Unity.2D.SpriteShape.Editor", "Unity.2D.SpriteShape.Editor.csproj", "{5AA54A1C-A162-DD7D-6C0E-9E0DE8F68915}"
EndProject
Project("{FAE04EC0-301F-11D3-BF4B-00C04F79EFBC}") = "Unity.VisualStudio.Editor", "Unity.VisualStudio.Editor.csproj", "{DE7EA10C-1F00-480F-B1EA-474937E5E013}"
EndProject
Project("{FAE04EC0-301F-11D3-BF4B-00C04F79EFBC}") = "PPv2URPConverters", "PPv2URPConverters.csproj", "{8CE88045-5A2B-FAAD-EA7E-86AC189C191F}"
EndProject
Project("{FAE04EC0-301F-11D3-BF4B-00C04F79EFBC}") = "Unity.2D.Animation.Editor", "Unity.2D.Animation.Editor.csproj", "{433085C2-5672-8911-1627-0D5FAE8EF6EB}"
EndProject
Project("{FAE04EC0-301F-11D3-BF4B-00C04F79EFBC}") = "Unity.Searcher.Editor", "Unity.Searcher.Editor.csproj", "{3DF33A04-FA7D-3507-FB1E-FFA285FA219B}"
EndProject
Project("{FAE04EC0-301F-11D3-BF4B-00C04F79EFBC}") = "Unity.2D.SpriteShape.Runtime", "Unity.2D.SpriteShape.Runtime.csproj", "{2E1FF6E3-BF8E-B17A-6581-A24134A44A2E}"
EndProject
Project("{FAE04EC0-301F-11D3-BF4B-00C04F79EFBC}") = "UnityEditor.TestRunner", "UnityEditor.TestRunner.csproj", "{A7DA8BED-A052-0C68-0A12-4029F09B92C9}"
EndProject
Project("{FAE04EC0-301F-11D3-BF4B-00C04F79EFBC}") = "Unity.VisualScripting.Core", "Unity.VisualScripting.Core.csproj", "{6048B794-B024-D0F0-E9AC-31B998948F0A}"
EndProject
Project("{FAE04EC0-301F-11D3-BF4B-00C04F79EFBC}") = "Unity.RenderPipelines.Universal.Runtime", "Unity.RenderPipelines.Universal.Runtime.csproj", "{FDFC2468-2A00-4A11-25CF-CF61D53B6BB9}"
EndProject
Project("{FAE04EC0-301F-11D3-BF4B-00C04F79EFBC}") = "Unity.CollabProxy.Editor", "Unity.CollabProxy.Editor.csproj", "{C1D51EA5-2AC4-31E2-7F84-3931CAD1A983}"
EndProject
Project("{FAE04EC0-301F-11D3-BF4B-00C04F79EFBC}") = "Unity.VisualScripting.State.Editor", "Unity.VisualScripting.State.Editor.csproj", "{F686B118-5CE9-6E8D-AA31-72B445A8A86C}"
EndProject
Project("{FAE04EC0-301F-11D3-BF4B-00C04F79EFBC}") = "Unity.Burst.CodeGen", "Unity.Burst.CodeGen.csproj", "{291ABAF6-6A8D-B769-9C62-4B942D9FF689}"
EndProject
Project("{FAE04EC0-301F-11D3-BF4B-00C04F79EFBC}") = "Unity.VisualScripting.Flow", "Unity.VisualScripting.Flow.csproj", "{96CEF4DE-372D-8484-B67C-749A811DD4A0}"
EndProject
Project("{FAE04EC0-301F-11D3-BF4B-00C04F79EFBC}") = "Assembly-CSharp", "Assembly-CSharp.csproj", "{338EC7F7-1340-1A6E-E62C-AFD5521D080B}"
EndProject
Project("{FAE04EC0-301F-11D3-BF4B-00C04F79EFBC}") = "Unity.PerformanceTesting", "Unity.PerformanceTesting.csproj", "{BD600745-522F-7A1E-3389-58E83208D6AF}"
EndProject
Project("{FAE04EC0-301F-11D3-BF4B-00C04F79EFBC}") = "Unity.2D.Tilemap.Extras.Editor", "Unity.2D.Tilemap.Extras.Editor.csproj", "{06659D33-7F6B-B7AE-297C-26359247636E}"
EndProject
Project("{FAE04EC0-301F-11D3-BF4B-00C04F79EFBC}") = "Unity.TextMeshPro", "Unity.TextMeshPro.csproj", "{373D7A36-C0E0-5CAF-CB52-45D1AFDF8CB8}"
EndProject
Project("{FAE04EC0-301F-11D3-BF4B-00C04F79EFBC}") = "Unity.TextMeshPro.Editor", "Unity.TextMeshPro.Editor.csproj", "{D6CB8B03-A280-E77C-7E0B-D0C554D0242D}"
EndProject
Project("{FAE04EC0-301F-11D3-BF4B-00C04F79EFBC}") = "Unity.Rendering.LightTransport.Runtime", "Unity.Rendering.LightTransport.Runtime.csproj", "{3E60ABDF-E8F5-9D5A-6E81-1B1996C7F300}"
EndProject
Project("{FAE04EC0-301F-11D3-BF4B-00C04F79EFBC}") = "PsdPlugin", "PsdPlugin.csproj", "{04ECC938-5AB4-FDCB-D855-773F0E7B7C7E}"
EndProject
Project("{FAE04EC0-301F-11D3-BF4B-00C04F79EFBC}") = "Unity.2D.IK.Editor", "Unity.2D.IK.Editor.csproj", "{F561D23D-7F12-C0AF-8837-3769C732ECA5}"
EndProject
Project("{FAE04EC0-301F-11D3-BF4B-00C04F79EFBC}") = "Unity.InternalAPIEngineBridge.001", "Unity.InternalAPIEngineBridge.001.csproj", "{8D211F8E-240F-C740-8348-E7D2500A9938}"
EndProject
Project("{FAE04EC0-301F-11D3-BF4B-00C04F79EFBC}") = "Unity.2D.Aseprite.Common", "Unity.2D.Aseprite.Common.csproj", "{C2E25D9E-5DDC-C3F6-2072-A14F8D9C49FD}"
EndProject
Project("{FAE04EC0-301F-11D3-BF4B-00C04F79EFBC}") = "Unity.Burst.Editor", "Unity.Burst.Editor.csproj", "{13753457-C8BF-991F-53BA-0FB75C436E76}"
EndProject
Project("{FAE04EC0-301F-11D3-BF4B-00C04F79EFBC}") = "Unity.2D.Common.Path.Editor", "Unity.2D.Common.Path.Editor.csproj", "{761DD3F9-1269-2561-A6C2-5229EC81EBA0}"
EndProject
Project("{FAE04EC0-301F-11D3-BF4B-00C04F79EFBC}") = "Unity.2D.Common.Editor", "Unity.2D.Common.Editor.csproj", "{79C2FF4C-3357-A179-0AD7-03090CD5A863}"
EndProject
Project("{FAE04EC0-301F-11D3-BF4B-00C04F79EFBC}") = "Unity.Rider.Editor", "Unity.Rider.Editor.csproj", "{271C343B-2324-268D-824D-7981181F7681}"
EndProject
Project("{FAE04EC0-301F-11D3-BF4B-00C04F79EFBC}") = "Unity.VisualScripting.State", "Unity.VisualScripting.State.csproj", "{C6032393-A319-7F0F-CEE2-BE340B287F6C}"
EndProject
Project("{FAE04EC0-301F-11D3-BF4B-00C04F79EFBC}") = "Unity.InternalAPIEditorBridge.001", "Unity.InternalAPIEditorBridge.001.csproj", "{EB18D36B-477A-161F-005F-1EC4CD8CF15C}"
EndProject
Project("{FAE04EC0-301F-11D3-BF4B-00C04F79EFBC}") = "UnityEditor.UI", "UnityEditor.UI.csproj", "{A7012D34-CC6D-4D81-3C13-5BD33A039FEC}"
EndProject
Project("{FAE04EC0-301F-11D3-BF4B-00C04F79EFBC}") = "Unity.2D.PixelPerfect.Editor", "Unity.2D.PixelPerfect.Editor.csproj", "{4231B244-E623-E6F3-6529-D759023A5551}"
EndProject
Project("{FAE04EC0-301F-11D3-BF4B-00C04F79EFBC}") = "Unity.2D.Sprite.Editor", "Unity.2D.Sprite.Editor.csproj", "{C657A4C1-CEF0-95EA-1E31-B06F50A31A01}"
EndProject
Project("{FAE04EC0-301F-11D3-BF4B-00C04F79EFBC}") = "Unity.Multiplayer.Center.Common", "Unity.Multiplayer.Center.Common.csproj", "{52A0D96D-A800-62BE-51E1-9C1ECDF5BD0D}"
EndProject
Project("{FAE04EC0-301F-11D3-BF4B-00C04F79EFBC}") = "Unity.Collections.CodeGen", "Unity.Collections.CodeGen.csproj", "{4D30F249-63E4-DCFF-BE48-52309B75FEBB}"
EndProject
Project("{FAE04EC0-301F-11D3-BF4B-00C04F79EFBC}") = "Unity.2D.Tilemap.Extras", "Unity.2D.Tilemap.Extras.csproj", "{1357B5F4-AE0B-DF7D-4D05-FB7545951FEB}"
EndProject
Project("{FAE04EC0-301F-11D3-BF4B-00C04F79EFBC}") = "Unity.2D.Animation.Runtime", "Unity.2D.Animation.Runtime.csproj", "{7A701890-2988-531F-D31B-6DAF38342339}"
EndProject
Project("{FAE04EC0-301F-11D3-BF4B-00C04F79EFBC}") = "Unity.Mathematics.Editor", "Unity.Mathematics.Editor.csproj", "{89D5013E-9D92-EA9C-9874-4A54A7D0ABD6}"
EndProject
Project("{FAE04EC0-301F-11D3-BF4B-00C04F79EFBC}") = "Unity.VisualScripting.SettingsProvider.Editor", "Unity.VisualScripting.SettingsProvider.Editor.csproj", "{7D833609-98ED-D02C-2209-DD2B89E48062}"
EndProject
Project("{FAE04EC0-301F-11D3-BF4B-00C04F79EFBC}") = "Unity.ShaderGraph.Utilities", "Unity.ShaderGraph.Utilities.csproj", "{5A27A16C-1A26-4153-3E6E-0F09E5FB158C}"
EndProject
Project("{FAE04EC0-301F-11D3-BF4B-00C04F79EFBC}") = "Unity.VisualScripting.Shared.Editor", "Unity.VisualScripting.Shared.Editor.csproj", "{B82F8BDD-1814-9B82-7FF5-67C3F6020F90}"
EndProject
Project("{FAE04EC0-301F-11D3-BF4B-00C04F79EFBC}") = "Unity.Toolchain.Win-x86_64-Linux-x86_64", "Unity.Toolchain.Win-x86_64-Linux-x86_64.csproj", "{8DBFCC63-A730-3957-5845-DCE9FEB5EA02}"
EndProject
Project("{FAE04EC0-301F-11D3-BF4B-00C04F79EFBC}") = "Unity.RenderPipeline.Universal.ShaderLibrary", "Unity.RenderPipeline.Universal.ShaderLibrary.csproj", "{CFFF97FA-6016-8C7B-F9A1-7428BB88CB0B}"
EndProject
Project("{FAE04EC0-301F-11D3-BF4B-00C04F79EFBC}") = "Unity.2D.Common.Runtime", "Unity.2D.Common.Runtime.csproj", "{69E5FDD4-4389-13FF-110D-069877230CBC}"
EndProject
Project("{FAE04EC0-301F-11D3-BF4B-00C04F79EFBC}") = "Unity.2D.PixelPerfect", "Unity.2D.PixelPerfect.csproj", "{28F49239-1428-330E-7561-9BD5D6478808}"
EndProject
Project("{FAE04EC0-301F-11D3-BF4B-00C04F79EFBC}") = "Unity.SysrootPackage.Editor", "Unity.SysrootPackage.Editor.csproj", "{E111013B-B03F-7601-4D41-1315048C9EF8}"
EndProject
Project("{FAE04EC0-301F-11D3-BF4B-00C04F79EFBC}") = "Unity.Rendering.LightTransport.Editor", "Unity.Rendering.LightTransport.Editor.csproj", "{B13BB227-863C-EB16-449C-0B971677B05B}"
EndProject
Project("{FAE04EC0-301F-11D3-BF4B-00C04F79EFBC}") = "Unity.RenderPipelines.Universal.Shaders", "Unity.RenderPipelines.Universal.Shaders.csproj", "{DE7F67F1-0203-BCD7-661C-C4C72CEA07EE}"
EndProject
Project("{FAE04EC0-301F-11D3-BF4B-00C04F79EFBC}") = "Unity.RenderPipelines.Core.Runtime.Shared", "Unity.RenderPipelines.Core.Runtime.Shared.csproj", "{42D6F142-1C7B-39B3-DF47-056672C35399}"
EndProject
Project("{FAE04EC0-301F-11D3-BF4B-00C04F79EFBC}") = "ScriptablePacker", "ScriptablePacker.csproj", "{9E702D3B-F680-D70D-AE3B-EDA75C52B4BE}"
EndProject
Project("{FAE04EC0-301F-11D3-BF4B-00C04F79EFBC}") = "Unity.Sysroot.Linux_x86_64", "Unity.Sysroot.Linux_x86_64.csproj", "{4932AB5E-7A5E-4916-75BA-542C6B122AF3}"
EndProject
Project("{FAE04EC0-301F-11D3-BF4B-00C04F79EFBC}") = "Unity.PlasticSCM.Editor.Entities", "Unity.PlasticSCM.Editor.Entities.csproj", "{41098D28-AF0D-D287-4292-EF3F25391724}"
EndProject
Project("{FAE04EC0-301F-11D3-BF4B-00C04F79EFBC}") = "Unity.Collections.Editor", "Unity.Collections.Editor.csproj", "{23976674-91A8-A4E0-D739-BCBC7CC49031}"
EndProject
Project("{FAE04EC0-301F-11D3-BF4B-00C04F79EFBC}") = "Unity.RenderPipelines.Universal.Config.Runtime", "Unity.RenderPipelines.Universal.Config.Runtime.csproj", "{2AB0A6AE-53B1-4A74-5EB2-208065608BD6}"
EndProject
Project("{FAE04EC0-301F-11D3-BF4B-00C04F79EFBC}") = "Unity.RenderPipelines.ShaderGraph.ShaderGraphLibrary", "Unity.RenderPipelines.ShaderGraph.ShaderGraphLibrary.csproj", "{DDA061AA-D8F6-C512-793C-D3F6BD8B8211}"
EndProject
Project("{FAE04EC0-301F-11D3-BF4B-00C04F79EFBC}") = "Unity.RenderPipelines.Core.ShaderLibrary", "Unity.RenderPipelines.Core.ShaderLibrary.csproj", "{037DFD76-448B-E6CF-A0E5-3614AA95CC45}"
EndProject
Project("{FAE04EC0-301F-11D3-BF4B-00C04F79EFBC}") = "Unity.RenderPipelines.Core.Editor.Shared", "Unity.RenderPipelines.Core.Editor.Shared.csproj", "{7E18378F-DADA-A2DB-A993-C21ED6E29142}"
EndProject
Project("{FAE04EC0-301F-11D3-BF4B-00C04F79EFBC}") = "Unity.Timeline", "Unity.Timeline.Player.csproj", "{026F7D02-CE0B-8E68-7F51-DA3A8AE0B378}"
EndProject
Project("{FAE04EC0-301F-11D3-BF4B-00C04F79EFBC}") = "Unity.RenderPipelines.GPUDriven.Runtime", "Unity.RenderPipelines.GPUDriven.Runtime.Player.csproj", "{C6274C59-670E-EE34-D492-CA2A498A8C30}"
EndProject
Project("{FAE04EC0-301F-11D3-BF4B-00C04F79EFBC}") = "Unity.RenderPipelines.Core.Runtime", "Unity.RenderPipelines.Core.Runtime.Player.csproj", "{EC6BBF03-5C94-6AB1-B89B-BDC8D113B64A}"
EndProject
Project("{FAE04EC0-301F-11D3-BF4B-00C04F79EFBC}") = "Unity.Mathematics", "Unity.Mathematics.Player.csproj", "{6B3B78FE-A1C9-0E59-ADD0-28A67CB1F5F4}"
EndProject
Project("{FAE04EC0-301F-11D3-BF4B-00C04F79EFBC}") = "UnityEngine.UI", "UnityEngine.UI.Player.csproj", "{CAFB6F11-A96B-B34F-E9CB-432A3DF9A8D4}"
EndProject
Project("{FAE04EC0-301F-11D3-BF4B-00C04F79EFBC}") = "Unity.2D.IK.Runtime", "Unity.2D.IK.Runtime.Player.csproj", "{F8373432-550D-C0E9-A4A1-E74B96BD7E36}"
EndProject
Project("{FAE04EC0-301F-11D3-BF4B-00C04F79EFBC}") = "Unity.RenderPipelines.Universal.2D.Runtime", "Unity.RenderPipelines.Universal.2D.Runtime.Player.csproj", "{3640C902-644F-9C34-B948-20C898CDF2BA}"
EndProject
Project("{FAE04EC0-301F-11D3-BF4B-00C04F79EFBC}") = "Unity.Collections", "Unity.Collections.Player.csproj", "{EE7A5ABC-C366-FB00-A43D-B641EFE9BD71}"
EndProject
Project("{FAE04EC0-301F-11D3-BF4B-00C04F79EFBC}") = "UnityEngine.TestRunner", "UnityEngine.TestRunner.Player.csproj", "{4EFE55D2-1AEA-DA98-D4D5-17B0A4624678}"
EndProject
Project("{FAE04EC0-301F-11D3-BF4B-00C04F79EFBC}") = "Unity.Burst", "Unity.Burst.Player.csproj", "{3AB86B7C-4013-F941-DD99-7BB3807F39DC}"
EndProject
Project("{FAE04EC0-301F-11D3-BF4B-00C04F79EFBC}") = "Unity.2D.SpriteShape.Runtime", "Unity.2D.SpriteShape.Runtime.Player.csproj", "{EA4ADCA7-ED37-BBDD-30D2-E851802F2A74}"
EndProject
Project("{FAE04EC0-301F-11D3-BF4B-00C04F79EFBC}") = "Unity.VisualScripting.Core", "Unity.VisualScripting.Core.Player.csproj", "{EB762045-A8FF-7C00-F882-21509779C34C}"
EndProject
Project("{FAE04EC0-301F-11D3-BF4B-00C04F79EFBC}") = "Unity.RenderPipelines.Universal.Runtime", "Unity.RenderPipelines.Universal.Runtime.Player.csproj", "{7D1E8D53-AB14-0B24-E6F3-263EFD381EE1}"
EndProject
Project("{FAE04EC0-301F-11D3-BF4B-00C04F79EFBC}") = "Unity.VisualScripting.Flow", "Unity.VisualScripting.Flow.Player.csproj", "{AC7952DD-FB84-5D12-57B7-ABC729363E84}"
EndProject
Project("{FAE04EC0-301F-11D3-BF4B-00C04F79EFBC}") = "Assembly-CSharp", "Assembly-CSharp.Player.csproj", "{9FF71DDA-AE99-0D57-F157-3DE7621B3CEA}"
EndProject
Project("{FAE04EC0-301F-11D3-BF4B-00C04F79EFBC}") = "Unity.PerformanceTesting", "Unity.PerformanceTesting.Player.csproj", "{BC695EF5-F445-1A5B-27C4-7C9982F69527}"
EndProject
Project("{FAE04EC0-301F-11D3-BF4B-00C04F79EFBC}") = "Unity.TextMeshPro", "Unity.TextMeshPro.Player.csproj", "{4CD8F719-C92F-CB92-58EE-AB50DDF60F99}"
EndProject
Project("{FAE04EC0-301F-11D3-BF4B-00C04F79EFBC}") = "Unity.Rendering.LightTransport.Runtime", "Unity.Rendering.LightTransport.Runtime.Player.csproj", "{FE5DC3D5-7BED-147A-E6BC-CAD1601300F8}"
EndProject
Project("{FAE04EC0-301F-11D3-BF4B-00C04F79EFBC}") = "Unity.InternalAPIEngineBridge.001", "Unity.InternalAPIEngineBridge.001.Player.csproj", "{7DE30988-5E7F-32A4-EC2F-465671C8A735}"
EndProject
Project("{FAE04EC0-301F-11D3-BF4B-00C04F79EFBC}") = "Unity.VisualScripting.State", "Unity.VisualScripting.State.Player.csproj", "{48B34947-ABF9-6A34-7C5B-C86F79B79C1A}"
EndProject
Project("{FAE04EC0-301F-11D3-BF4B-00C04F79EFBC}") = "Unity.Multiplayer.Center.Common", "Unity.Multiplayer.Center.Common.Player.csproj", "{15BD0B2E-7FE9-A08C-EAE1-D3882DAC4D13}"
EndProject
Project("{FAE04EC0-301F-11D3-BF4B-00C04F79EFBC}") = "Unity.2D.Tilemap.Extras", "Unity.2D.Tilemap.Extras.Player.csproj", "{36EEF708-2175-6446-6243-5F71F0726CD0}"
EndProject
Project("{FAE04EC0-301F-11D3-BF4B-00C04F79EFBC}") = "Unity.2D.Animation.Runtime", "Unity.2D.Animation.Runtime.Player.csproj", "{08B433A6-AA18-DE82-EA3D-8688DB6C3A95}"
EndProject
Project("{FAE04EC0-301F-11D3-BF4B-00C04F79EFBC}") = "Unity.RenderPipeline.Universal.ShaderLibrary", "Unity.RenderPipeline.Universal.ShaderLibrary.Player.csproj", "{D3C5D2C4-3047-7568-2A5C-AC43E1C6E35B}"
EndProject
Project("{FAE04EC0-301F-11D3-BF4B-00C04F79EFBC}") = "Unity.2D.Common.Runtime", "Unity.2D.Common.Runtime.Player.csproj", "{E34ABFFD-39F0-CA07-3C05-A9341AA62BD8}"
EndProject
Project("{FAE04EC0-301F-11D3-BF4B-00C04F79EFBC}") = "Unity.2D.PixelPerfect", "Unity.2D.PixelPerfect.Player.csproj", "{726037B9-C9B6-BE80-0123-7CBA393FC343}"
EndProject
Project("{FAE04EC0-301F-11D3-BF4B-00C04F79EFBC}") = "Unity.RenderPipelines.Universal.Shaders", "Unity.RenderPipelines.Universal.Shaders.Player.csproj", "{A6D33E05-1098-70E2-3BD2-1E77BBEAB910}"
EndProject
Project("{FAE04EC0-301F-11D3-BF4B-00C04F79EFBC}") = "Unity.RenderPipelines.Core.Runtime.Shared", "Unity.RenderPipelines.Core.Runtime.Shared.Player.csproj", "{73B6BCED-B681-7AC9-7989-B935862D54F9}"
EndProject
Project("{FAE04EC0-301F-11D3-BF4B-00C04F79EFBC}") = "Unity.RenderPipelines.Universal.Config.Runtime", "Unity.RenderPipelines.Universal.Config.Runtime.Player.csproj", "{C6D2043F-40D3-56F4-02E8-6E44AB44C687}"
EndProject
Project("{FAE04EC0-301F-11D3-BF4B-00C04F79EFBC}") = "Unity.RenderPipelines.ShaderGraph.ShaderGraphLibrary", "Unity.RenderPipelines.ShaderGraph.ShaderGraphLibrary.Player.csproj", "{6C497CB6-B836-D609-EBED-B3FE0163F87C}"
EndProject
Project("{FAE04EC0-301F-11D3-BF4B-00C04F79EFBC}") = "Unity.RenderPipelines.Core.ShaderLibrary", "Unity.RenderPipelines.Core.ShaderLibrary.Player.csproj", "{F22D2714-C18F-3482-7647-ACD27C359F67}"
EndProject
Global
	GlobalSection(SolutionConfigurationPlatforms) = preSolution
		Debug|Any CPU = Debug|Any CPU
		Release|Any CPU = Release|Any CPU
	EndGlobalSection
	GlobalSection(ProjectConfigurationPlatforms) = postSolution
		{BE49C2F4-8F08-3EF2-130D-8FB6F8D2AA9A}.Debug|Any CPU.ActiveCfg = Debug|Any CPU
		{BE49C2F4-8F08-3EF2-130D-8FB6F8D2AA9A}.Debug|Any CPU.Build.0 = Debug|Any CPU
		{BE49C2F4-8F08-3EF2-130D-8FB6F8D2AA9A}.Release|Any CPU.ActiveCfg = Release|Any CPU
		{BE49C2F4-8F08-3EF2-130D-8FB6F8D2AA9A}.Release|Any CPU.Build.0 = Release|Any CPU
		{8305B41C-01F2-7B0E-A80F-9D2F45D1AE9C}.Debug|Any CPU.ActiveCfg = Debug|Any CPU
		{8305B41C-01F2-7B0E-A80F-9D2F45D1AE9C}.Debug|Any CPU.Build.0 = Debug|Any CPU
		{8305B41C-01F2-7B0E-A80F-9D2F45D1AE9C}.Release|Any CPU.ActiveCfg = Release|Any CPU
		{8305B41C-01F2-7B0E-A80F-9D2F45D1AE9C}.Release|Any CPU.Build.0 = Release|Any CPU
		{91663A26-53DE-1805-9A8E-13A64E18404E}.Debug|Any CPU.ActiveCfg = Debug|Any CPU
		{91663A26-53DE-1805-9A8E-13A64E18404E}.Debug|Any CPU.Build.0 = Debug|Any CPU
		{91663A26-53DE-1805-9A8E-13A64E18404E}.Release|Any CPU.ActiveCfg = Release|Any CPU
		{91663A26-53DE-1805-9A8E-13A64E18404E}.Release|Any CPU.Build.0 = Release|Any CPU
		{1FA615D5-17BF-20C6-8F32-5436625DA382}.Debug|Any CPU.ActiveCfg = Debug|Any CPU
		{1FA615D5-17BF-20C6-8F32-5436625DA382}.Debug|Any CPU.Build.0 = Debug|Any CPU
		{1FA615D5-17BF-20C6-8F32-5436625DA382}.Release|Any CPU.ActiveCfg = Release|Any CPU
		{1FA615D5-17BF-20C6-8F32-5436625DA382}.Release|Any CPU.Build.0 = Release|Any CPU
		{49A2A631-8938-B125-F959-CF84645B9849}.Debug|Any CPU.ActiveCfg = Debug|Any CPU
		{49A2A631-8938-B125-F959-CF84645B9849}.Debug|Any CPU.Build.0 = Debug|Any CPU
		{49A2A631-8938-B125-F959-CF84645B9849}.Release|Any CPU.ActiveCfg = Release|Any CPU
		{49A2A631-8938-B125-F959-CF84645B9849}.Release|Any CPU.Build.0 = Release|Any CPU
		{8FBDCA93-C9A2-38D2-A893-24278355B27E}.Debug|Any CPU.ActiveCfg = Debug|Any CPU
		{8FBDCA93-C9A2-38D2-A893-24278355B27E}.Debug|Any CPU.Build.0 = Debug|Any CPU
		{8FBDCA93-C9A2-38D2-A893-24278355B27E}.Release|Any CPU.ActiveCfg = Release|Any CPU
		{8FBDCA93-C9A2-38D2-A893-24278355B27E}.Release|Any CPU.Build.0 = Release|Any CPU
		{0B85942F-1FE2-ABB2-62AA-DF545A032BAD}.Debug|Any CPU.ActiveCfg = Debug|Any CPU
		{0B85942F-1FE2-ABB2-62AA-DF545A032BAD}.Debug|Any CPU.Build.0 = Debug|Any CPU
		{0B85942F-1FE2-ABB2-62AA-DF545A032BAD}.Release|Any CPU.ActiveCfg = Release|Any CPU
		{0B85942F-1FE2-ABB2-62AA-DF545A032BAD}.Release|Any CPU.Build.0 = Release|Any CPU
		{BF01A88C-F9D6-02E5-3A66-9ECB077B6357}.Debug|Any CPU.ActiveCfg = Debug|Any CPU
		{BF01A88C-F9D6-02E5-3A66-9ECB077B6357}.Debug|Any CPU.Build.0 = Debug|Any CPU
		{BF01A88C-F9D6-02E5-3A66-9ECB077B6357}.Release|Any CPU.ActiveCfg = Release|Any CPU
		{BF01A88C-F9D6-02E5-3A66-9ECB077B6357}.Release|Any CPU.Build.0 = Release|Any CPU
		{F20005E6-9DBF-1713-79F6-FD5D212A2592}.Debug|Any CPU.ActiveCfg = Debug|Any CPU
		{F20005E6-9DBF-1713-79F6-FD5D212A2592}.Debug|Any CPU.Build.0 = Debug|Any CPU
		{F20005E6-9DBF-1713-79F6-FD5D212A2592}.Release|Any CPU.ActiveCfg = Release|Any CPU
		{F20005E6-9DBF-1713-79F6-FD5D212A2592}.Release|Any CPU.Build.0 = Release|Any CPU
		{03925AF7-1FAF-3010-C62C-6A68F538B136}.Debug|Any CPU.ActiveCfg = Debug|Any CPU
		{03925AF7-1FAF-3010-C62C-6A68F538B136}.Debug|Any CPU.Build.0 = Debug|Any CPU
		{03925AF7-1FAF-3010-C62C-6A68F538B136}.Release|Any CPU.ActiveCfg = Release|Any CPU
		{03925AF7-1FAF-3010-C62C-6A68F538B136}.Release|Any CPU.Build.0 = Release|Any CPU
		{B0E1FFB2-364A-460B-00D5-6C21B05374E7}.Debug|Any CPU.ActiveCfg = Debug|Any CPU
		{B0E1FFB2-364A-460B-00D5-6C21B05374E7}.Debug|Any CPU.Build.0 = Debug|Any CPU
		{B0E1FFB2-364A-460B-00D5-6C21B05374E7}.Release|Any CPU.ActiveCfg = Release|Any CPU
		{B0E1FFB2-364A-460B-00D5-6C21B05374E7}.Release|Any CPU.Build.0 = Release|Any CPU
		{9513A3FA-7DAF-9551-85FA-FF15290B86BC}.Debug|Any CPU.ActiveCfg = Debug|Any CPU
		{9513A3FA-7DAF-9551-85FA-FF15290B86BC}.Debug|Any CPU.Build.0 = Debug|Any CPU
		{9513A3FA-7DAF-9551-85FA-FF15290B86BC}.Release|Any CPU.ActiveCfg = Release|Any CPU
		{9513A3FA-7DAF-9551-85FA-FF15290B86BC}.Release|Any CPU.Build.0 = Release|Any CPU
		{52F10408-1605-EC23-B145-03C83EB629D7}.Debug|Any CPU.ActiveCfg = Debug|Any CPU
		{52F10408-1605-EC23-B145-03C83EB629D7}.Debug|Any CPU.Build.0 = Debug|Any CPU
		{52F10408-1605-EC23-B145-03C83EB629D7}.Release|Any CPU.ActiveCfg = Release|Any CPU
		{52F10408-1605-EC23-B145-03C83EB629D7}.Release|Any CPU.Build.0 = Release|Any CPU
		{13F1C2A6-46C5-58AE-EC18-3EB7DD3BE625}.Debug|Any CPU.ActiveCfg = Debug|Any CPU
		{13F1C2A6-46C5-58AE-EC18-3EB7DD3BE625}.Debug|Any CPU.Build.0 = Debug|Any CPU
		{13F1C2A6-46C5-58AE-EC18-3EB7DD3BE625}.Release|Any CPU.ActiveCfg = Release|Any CPU
		{13F1C2A6-46C5-58AE-EC18-3EB7DD3BE625}.Release|Any CPU.Build.0 = Release|Any CPU
		{C613D085-DFE2-14D0-0F9A-C469E1EC25D2}.Debug|Any CPU.ActiveCfg = Debug|Any CPU
		{C613D085-DFE2-14D0-0F9A-C469E1EC25D2}.Debug|Any CPU.Build.0 = Debug|Any CPU
		{C613D085-DFE2-14D0-0F9A-C469E1EC25D2}.Release|Any CPU.ActiveCfg = Release|Any CPU
		{C613D085-DFE2-14D0-0F9A-C469E1EC25D2}.Release|Any CPU.Build.0 = Release|Any CPU
		{1F40A452-7F63-4CC5-1E5D-BCD602391BCC}.Debug|Any CPU.ActiveCfg = Debug|Any CPU
		{1F40A452-7F63-4CC5-1E5D-BCD602391BCC}.Debug|Any CPU.Build.0 = Debug|Any CPU
		{1F40A452-7F63-4CC5-1E5D-BCD602391BCC}.Release|Any CPU.ActiveCfg = Release|Any CPU
		{1F40A452-7F63-4CC5-1E5D-BCD602391BCC}.Release|Any CPU.Build.0 = Release|Any CPU
		{BAA4967B-3B59-000A-C479-92EEEB1778FA}.Debug|Any CPU.ActiveCfg = Debug|Any CPU
		{BAA4967B-3B59-000A-C479-92EEEB1778FA}.Debug|Any CPU.Build.0 = Debug|Any CPU
		{BAA4967B-3B59-000A-C479-92EEEB1778FA}.Release|Any CPU.ActiveCfg = Release|Any CPU
		{BAA4967B-3B59-000A-C479-92EEEB1778FA}.Release|Any CPU.Build.0 = Release|Any CPU
		{0C8671AE-783D-A84E-EFE2-808B95EE9BB4}.Debug|Any CPU.ActiveCfg = Debug|Any CPU
		{0C8671AE-783D-A84E-EFE2-808B95EE9BB4}.Debug|Any CPU.Build.0 = Debug|Any CPU
		{0C8671AE-783D-A84E-EFE2-808B95EE9BB4}.Release|Any CPU.ActiveCfg = Release|Any CPU
		{0C8671AE-783D-A84E-EFE2-808B95EE9BB4}.Release|Any CPU.Build.0 = Release|Any CPU
		{3BFF3F2E-3BCD-B30A-DE91-DCB2E53F2166}.Debug|Any CPU.ActiveCfg = Debug|Any CPU
		{3BFF3F2E-3BCD-B30A-DE91-DCB2E53F2166}.Debug|Any CPU.Build.0 = Debug|Any CPU
		{3BFF3F2E-3BCD-B30A-DE91-DCB2E53F2166}.Release|Any CPU.ActiveCfg = Release|Any CPU
		{3BFF3F2E-3BCD-B30A-DE91-DCB2E53F2166}.Release|Any CPU.Build.0 = Release|Any CPU
		{65136992-5396-F8F6-786B-A629DC12A754}.Debug|Any CPU.ActiveCfg = Debug|Any CPU
		{65136992-5396-F8F6-786B-A629DC12A754}.Debug|Any CPU.Build.0 = Debug|Any CPU
		{65136992-5396-F8F6-786B-A629DC12A754}.Release|Any CPU.ActiveCfg = Release|Any CPU
		{65136992-5396-F8F6-786B-A629DC12A754}.Release|Any CPU.Build.0 = Release|Any CPU
		{71473449-EC74-A375-6A00-84C636DA83FE}.Debug|Any CPU.ActiveCfg = Debug|Any CPU
		{71473449-EC74-A375-6A00-84C636DA83FE}.Debug|Any CPU.Build.0 = Debug|Any CPU
		{71473449-EC74-A375-6A00-84C636DA83FE}.Release|Any CPU.ActiveCfg = Release|Any CPU
		{71473449-EC74-A375-6A00-84C636DA83FE}.Release|Any CPU.Build.0 = Release|Any CPU
		{387042D6-7C55-D0AF-3735-50967F26EA07}.Debug|Any CPU.ActiveCfg = Debug|Any CPU
		{387042D6-7C55-D0AF-3735-50967F26EA07}.Debug|Any CPU.Build.0 = Debug|Any CPU
		{387042D6-7C55-D0AF-3735-50967F26EA07}.Release|Any CPU.ActiveCfg = Release|Any CPU
		{387042D6-7C55-D0AF-3735-50967F26EA07}.Release|Any CPU.Build.0 = Release|Any CPU
		{5AA54A1C-A162-DD7D-6C0E-9E0DE8F68915}.Debug|Any CPU.ActiveCfg = Debug|Any CPU
		{5AA54A1C-A162-DD7D-6C0E-9E0DE8F68915}.Debug|Any CPU.Build.0 = Debug|Any CPU
		{5AA54A1C-A162-DD7D-6C0E-9E0DE8F68915}.Release|Any CPU.ActiveCfg = Release|Any CPU
		{5AA54A1C-A162-DD7D-6C0E-9E0DE8F68915}.Release|Any CPU.Build.0 = Release|Any CPU
		{DE7EA10C-1F00-480F-B1EA-474937E5E013}.Debug|Any CPU.ActiveCfg = Debug|Any CPU
		{DE7EA10C-1F00-480F-B1EA-474937E5E013}.Debug|Any CPU.Build.0 = Debug|Any CPU
		{DE7EA10C-1F00-480F-B1EA-474937E5E013}.Release|Any CPU.ActiveCfg = Release|Any CPU
		{DE7EA10C-1F00-480F-B1EA-474937E5E013}.Release|Any CPU.Build.0 = Release|Any CPU
		{8CE88045-5A2B-FAAD-EA7E-86AC189C191F}.Debug|Any CPU.ActiveCfg = Debug|Any CPU
		{8CE88045-5A2B-FAAD-EA7E-86AC189C191F}.Debug|Any CPU.Build.0 = Debug|Any CPU
		{8CE88045-5A2B-FAAD-EA7E-86AC189C191F}.Release|Any CPU.ActiveCfg = Release|Any CPU
		{8CE88045-5A2B-FAAD-EA7E-86AC189C191F}.Release|Any CPU.Build.0 = Release|Any CPU
		{433085C2-5672-8911-1627-0D5FAE8EF6EB}.Debug|Any CPU.ActiveCfg = Debug|Any CPU
		{433085C2-5672-8911-1627-0D5FAE8EF6EB}.Debug|Any CPU.Build.0 = Debug|Any CPU
		{433085C2-5672-8911-1627-0D5FAE8EF6EB}.Release|Any CPU.ActiveCfg = Release|Any CPU
		{433085C2-5672-8911-1627-0D5FAE8EF6EB}.Release|Any CPU.Build.0 = Release|Any CPU
		{3DF33A04-FA7D-3507-FB1E-FFA285FA219B}.Debug|Any CPU.ActiveCfg = Debug|Any CPU
		{3DF33A04-FA7D-3507-FB1E-FFA285FA219B}.Debug|Any CPU.Build.0 = Debug|Any CPU
		{3DF33A04-FA7D-3507-FB1E-FFA285FA219B}.Release|Any CPU.ActiveCfg = Release|Any CPU
		{3DF33A04-FA7D-3507-FB1E-FFA285FA219B}.Release|Any CPU.Build.0 = Release|Any CPU
		{2E1FF6E3-BF8E-B17A-6581-A24134A44A2E}.Debug|Any CPU.ActiveCfg = Debug|Any CPU
		{2E1FF6E3-BF8E-B17A-6581-A24134A44A2E}.Debug|Any CPU.Build.0 = Debug|Any CPU
		{2E1FF6E3-BF8E-B17A-6581-A24134A44A2E}.Release|Any CPU.ActiveCfg = Release|Any CPU
		{2E1FF6E3-BF8E-B17A-6581-A24134A44A2E}.Release|Any CPU.Build.0 = Release|Any CPU
		{A7DA8BED-A052-0C68-0A12-4029F09B92C9}.Debug|Any CPU.ActiveCfg = Debug|Any CPU
		{A7DA8BED-A052-0C68-0A12-4029F09B92C9}.Debug|Any CPU.Build.0 = Debug|Any CPU
		{A7DA8BED-A052-0C68-0A12-4029F09B92C9}.Release|Any CPU.ActiveCfg = Release|Any CPU
		{A7DA8BED-A052-0C68-0A12-4029F09B92C9}.Release|Any CPU.Build.0 = Release|Any CPU
		{6048B794-B024-D0F0-E9AC-31B998948F0A}.Debug|Any CPU.ActiveCfg = Debug|Any CPU
		{6048B794-B024-D0F0-E9AC-31B998948F0A}.Debug|Any CPU.Build.0 = Debug|Any CPU
		{6048B794-B024-D0F0-E9AC-31B998948F0A}.Release|Any CPU.ActiveCfg = Release|Any CPU
		{6048B794-B024-D0F0-E9AC-31B998948F0A}.Release|Any CPU.Build.0 = Release|Any CPU
		{FDFC2468-2A00-4A11-25CF-CF61D53B6BB9}.Debug|Any CPU.ActiveCfg = Debug|Any CPU
		{FDFC2468-2A00-4A11-25CF-CF61D53B6BB9}.Debug|Any CPU.Build.0 = Debug|Any CPU
		{FDFC2468-2A00-4A11-25CF-CF61D53B6BB9}.Release|Any CPU.ActiveCfg = Release|Any CPU
		{FDFC2468-2A00-4A11-25CF-CF61D53B6BB9}.Release|Any CPU.Build.0 = Release|Any CPU
		{C1D51EA5-2AC4-31E2-7F84-3931CAD1A983}.Debug|Any CPU.ActiveCfg = Debug|Any CPU
		{C1D51EA5-2AC4-31E2-7F84-3931CAD1A983}.Debug|Any CPU.Build.0 = Debug|Any CPU
		{C1D51EA5-2AC4-31E2-7F84-3931CAD1A983}.Release|Any CPU.ActiveCfg = Release|Any CPU
		{C1D51EA5-2AC4-31E2-7F84-3931CAD1A983}.Release|Any CPU.Build.0 = Release|Any CPU
		{F686B118-5CE9-6E8D-AA31-72B445A8A86C}.Debug|Any CPU.ActiveCfg = Debug|Any CPU
		{F686B118-5CE9-6E8D-AA31-72B445A8A86C}.Debug|Any CPU.Build.0 = Debug|Any CPU
		{F686B118-5CE9-6E8D-AA31-72B445A8A86C}.Release|Any CPU.ActiveCfg = Release|Any CPU
		{F686B118-5CE9-6E8D-AA31-72B445A8A86C}.Release|Any CPU.Build.0 = Release|Any CPU
		{291ABAF6-6A8D-B769-9C62-4B942D9FF689}.Debug|Any CPU.ActiveCfg = Debug|Any CPU
		{291ABAF6-6A8D-B769-9C62-4B942D9FF689}.Debug|Any CPU.Build.0 = Debug|Any CPU
		{291ABAF6-6A8D-B769-9C62-4B942D9FF689}.Release|Any CPU.ActiveCfg = Release|Any CPU
		{291ABAF6-6A8D-B769-9C62-4B942D9FF689}.Release|Any CPU.Build.0 = Release|Any CPU
		{96CEF4DE-372D-8484-B67C-749A811DD4A0}.Debug|Any CPU.ActiveCfg = Debug|Any CPU
		{96CEF4DE-372D-8484-B67C-749A811DD4A0}.Debug|Any CPU.Build.0 = Debug|Any CPU
		{96CEF4DE-372D-8484-B67C-749A811DD4A0}.Release|Any CPU.ActiveCfg = Release|Any CPU
		{96CEF4DE-372D-8484-B67C-749A811DD4A0}.Release|Any CPU.Build.0 = Release|Any CPU
		{338EC7F7-1340-1A6E-E62C-AFD5521D080B}.Debug|Any CPU.ActiveCfg = Debug|Any CPU
		{338EC7F7-1340-1A6E-E62C-AFD5521D080B}.Debug|Any CPU.Build.0 = Debug|Any CPU
		{338EC7F7-1340-1A6E-E62C-AFD5521D080B}.Release|Any CPU.ActiveCfg = Release|Any CPU
		{338EC7F7-1340-1A6E-E62C-AFD5521D080B}.Release|Any CPU.Build.0 = Release|Any CPU
		{BD600745-522F-7A1E-3389-58E83208D6AF}.Debug|Any CPU.ActiveCfg = Debug|Any CPU
		{BD600745-522F-7A1E-3389-58E83208D6AF}.Debug|Any CPU.Build.0 = Debug|Any CPU
		{BD600745-522F-7A1E-3389-58E83208D6AF}.Release|Any CPU.ActiveCfg = Release|Any CPU
		{BD600745-522F-7A1E-3389-58E83208D6AF}.Release|Any CPU.Build.0 = Release|Any CPU
		{06659D33-7F6B-B7AE-297C-26359247636E}.Debug|Any CPU.ActiveCfg = Debug|Any CPU
		{06659D33-7F6B-B7AE-297C-26359247636E}.Debug|Any CPU.Build.0 = Debug|Any CPU
		{06659D33-7F6B-B7AE-297C-26359247636E}.Release|Any CPU.ActiveCfg = Release|Any CPU
		{06659D33-7F6B-B7AE-297C-26359247636E}.Release|Any CPU.Build.0 = Release|Any CPU
		{373D7A36-C0E0-5CAF-CB52-45D1AFDF8CB8}.Debug|Any CPU.ActiveCfg = Debug|Any CPU
		{373D7A36-C0E0-5CAF-CB52-45D1AFDF8CB8}.Debug|Any CPU.Build.0 = Debug|Any CPU
		{373D7A36-C0E0-5CAF-CB52-45D1AFDF8CB8}.Release|Any CPU.ActiveCfg = Release|Any CPU
		{373D7A36-C0E0-5CAF-CB52-45D1AFDF8CB8}.Release|Any CPU.Build.0 = Release|Any CPU
		{D6CB8B03-A280-E77C-7E0B-D0C554D0242D}.Debug|Any CPU.ActiveCfg = Debug|Any CPU
		{D6CB8B03-A280-E77C-7E0B-D0C554D0242D}.Debug|Any CPU.Build.0 = Debug|Any CPU
		{D6CB8B03-A280-E77C-7E0B-D0C554D0242D}.Release|Any CPU.ActiveCfg = Release|Any CPU
		{D6CB8B03-A280-E77C-7E0B-D0C554D0242D}.Release|Any CPU.Build.0 = Release|Any CPU
		{3E60ABDF-E8F5-9D5A-6E81-1B1996C7F300}.Debug|Any CPU.ActiveCfg = Debug|Any CPU
		{3E60ABDF-E8F5-9D5A-6E81-1B1996C7F300}.Debug|Any CPU.Build.0 = Debug|Any CPU
		{3E60ABDF-E8F5-9D5A-6E81-1B1996C7F300}.Release|Any CPU.ActiveCfg = Release|Any CPU
		{3E60ABDF-E8F5-9D5A-6E81-1B1996C7F300}.Release|Any CPU.Build.0 = Release|Any CPU
		{04ECC938-5AB4-FDCB-D855-773F0E7B7C7E}.Debug|Any CPU.ActiveCfg = Debug|Any CPU
		{04ECC938-5AB4-FDCB-D855-773F0E7B7C7E}.Debug|Any CPU.Build.0 = Debug|Any CPU
		{04ECC938-5AB4-FDCB-D855-773F0E7B7C7E}.Release|Any CPU.ActiveCfg = Release|Any CPU
		{04ECC938-5AB4-FDCB-D855-773F0E7B7C7E}.Release|Any CPU.Build.0 = Release|Any CPU
		{F561D23D-7F12-C0AF-8837-3769C732ECA5}.Debug|Any CPU.ActiveCfg = Debug|Any CPU
		{F561D23D-7F12-C0AF-8837-3769C732ECA5}.Debug|Any CPU.Build.0 = Debug|Any CPU
		{F561D23D-7F12-C0AF-8837-3769C732ECA5}.Release|Any CPU.ActiveCfg = Release|Any CPU
		{F561D23D-7F12-C0AF-8837-3769C732ECA5}.Release|Any CPU.Build.0 = Release|Any CPU
		{8D211F8E-240F-C740-8348-E7D2500A9938}.Debug|Any CPU.ActiveCfg = Debug|Any CPU
		{8D211F8E-240F-C740-8348-E7D2500A9938}.Debug|Any CPU.Build.0 = Debug|Any CPU
		{8D211F8E-240F-C740-8348-E7D2500A9938}.Release|Any CPU.ActiveCfg = Release|Any CPU
		{8D211F8E-240F-C740-8348-E7D2500A9938}.Release|Any CPU.Build.0 = Release|Any CPU
		{C2E25D9E-5DDC-C3F6-2072-A14F8D9C49FD}.Debug|Any CPU.ActiveCfg = Debug|Any CPU
		{C2E25D9E-5DDC-C3F6-2072-A14F8D9C49FD}.Debug|Any CPU.Build.0 = Debug|Any CPU
		{C2E25D9E-5DDC-C3F6-2072-A14F8D9C49FD}.Release|Any CPU.ActiveCfg = Release|Any CPU
		{C2E25D9E-5DDC-C3F6-2072-A14F8D9C49FD}.Release|Any CPU.Build.0 = Release|Any CPU
		{13753457-C8BF-991F-53BA-0FB75C436E76}.Debug|Any CPU.ActiveCfg = Debug|Any CPU
		{13753457-C8BF-991F-53BA-0FB75C436E76}.Debug|Any CPU.Build.0 = Debug|Any CPU
		{13753457-C8BF-991F-53BA-0FB75C436E76}.Release|Any CPU.ActiveCfg = Release|Any CPU
		{13753457-C8BF-991F-53BA-0FB75C436E76}.Release|Any CPU.Build.0 = Release|Any CPU
		{761DD3F9-1269-2561-A6C2-5229EC81EBA0}.Debug|Any CPU.ActiveCfg = Debug|Any CPU
		{761DD3F9-1269-2561-A6C2-5229EC81EBA0}.Debug|Any CPU.Build.0 = Debug|Any CPU
		{761DD3F9-1269-2561-A6C2-5229EC81EBA0}.Release|Any CPU.ActiveCfg = Release|Any CPU
		{761DD3F9-1269-2561-A6C2-5229EC81EBA0}.Release|Any CPU.Build.0 = Release|Any CPU
		{79C2FF4C-3357-A179-0AD7-03090CD5A863}.Debug|Any CPU.ActiveCfg = Debug|Any CPU
		{79C2FF4C-3357-A179-0AD7-03090CD5A863}.Debug|Any CPU.Build.0 = Debug|Any CPU
		{79C2FF4C-3357-A179-0AD7-03090CD5A863}.Release|Any CPU.ActiveCfg = Release|Any CPU
		{79C2FF4C-3357-A179-0AD7-03090CD5A863}.Release|Any CPU.Build.0 = Release|Any CPU
		{271C343B-2324-268D-824D-7981181F7681}.Debug|Any CPU.ActiveCfg = Debug|Any CPU
		{271C343B-2324-268D-824D-7981181F7681}.Debug|Any CPU.Build.0 = Debug|Any CPU
		{271C343B-2324-268D-824D-7981181F7681}.Release|Any CPU.ActiveCfg = Release|Any CPU
		{271C343B-2324-268D-824D-7981181F7681}.Release|Any CPU.Build.0 = Release|Any CPU
		{C6032393-A319-7F0F-CEE2-BE340B287F6C}.Debug|Any CPU.ActiveCfg = Debug|Any CPU
		{C6032393-A319-7F0F-CEE2-BE340B287F6C}.Debug|Any CPU.Build.0 = Debug|Any CPU
		{C6032393-A319-7F0F-CEE2-BE340B287F6C}.Release|Any CPU.ActiveCfg = Release|Any CPU
		{C6032393-A319-7F0F-CEE2-BE340B287F6C}.Release|Any CPU.Build.0 = Release|Any CPU
		{EB18D36B-477A-161F-005F-1EC4CD8CF15C}.Debug|Any CPU.ActiveCfg = Debug|Any CPU
		{EB18D36B-477A-161F-005F-1EC4CD8CF15C}.Debug|Any CPU.Build.0 = Debug|Any CPU
		{EB18D36B-477A-161F-005F-1EC4CD8CF15C}.Release|Any CPU.ActiveCfg = Release|Any CPU
		{EB18D36B-477A-161F-005F-1EC4CD8CF15C}.Release|Any CPU.Build.0 = Release|Any CPU
		{A7012D34-CC6D-4D81-3C13-5BD33A039FEC}.Debug|Any CPU.ActiveCfg = Debug|Any CPU
		{A7012D34-CC6D-4D81-3C13-5BD33A039FEC}.Debug|Any CPU.Build.0 = Debug|Any CPU
		{A7012D34-CC6D-4D81-3C13-5BD33A039FEC}.Release|Any CPU.ActiveCfg = Release|Any CPU
		{A7012D34-CC6D-4D81-3C13-5BD33A039FEC}.Release|Any CPU.Build.0 = Release|Any CPU
		{4231B244-E623-E6F3-6529-D759023A5551}.Debug|Any CPU.ActiveCfg = Debug|Any CPU
		{4231B244-E623-E6F3-6529-D759023A5551}.Debug|Any CPU.Build.0 = Debug|Any CPU
		{4231B244-E623-E6F3-6529-D759023A5551}.Release|Any CPU.ActiveCfg = Release|Any CPU
		{4231B244-E623-E6F3-6529-D759023A5551}.Release|Any CPU.Build.0 = Release|Any CPU
		{C657A4C1-CEF0-95EA-1E31-B06F50A31A01}.Debug|Any CPU.ActiveCfg = Debug|Any CPU
		{C657A4C1-CEF0-95EA-1E31-B06F50A31A01}.Debug|Any CPU.Build.0 = Debug|Any CPU
		{C657A4C1-CEF0-95EA-1E31-B06F50A31A01}.Release|Any CPU.ActiveCfg = Release|Any CPU
		{C657A4C1-CEF0-95EA-1E31-B06F50A31A01}.Release|Any CPU.Build.0 = Release|Any CPU
		{52A0D96D-A800-62BE-51E1-9C1ECDF5BD0D}.Debug|Any CPU.ActiveCfg = Debug|Any CPU
		{52A0D96D-A800-62BE-51E1-9C1ECDF5BD0D}.Debug|Any CPU.Build.0 = Debug|Any CPU
		{52A0D96D-A800-62BE-51E1-9C1ECDF5BD0D}.Release|Any CPU.ActiveCfg = Release|Any CPU
		{52A0D96D-A800-62BE-51E1-9C1ECDF5BD0D}.Release|Any CPU.Build.0 = Release|Any CPU
		{4D30F249-63E4-DCFF-BE48-52309B75FEBB}.Debug|Any CPU.ActiveCfg = Debug|Any CPU
		{4D30F249-63E4-DCFF-BE48-52309B75FEBB}.Debug|Any CPU.Build.0 = Debug|Any CPU
		{4D30F249-63E4-DCFF-BE48-52309B75FEBB}.Release|Any CPU.ActiveCfg = Release|Any CPU
		{4D30F249-63E4-DCFF-BE48-52309B75FEBB}.Release|Any CPU.Build.0 = Release|Any CPU
		{1357B5F4-AE0B-DF7D-4D05-FB7545951FEB}.Debug|Any CPU.ActiveCfg = Debug|Any CPU
		{1357B5F4-AE0B-DF7D-4D05-FB7545951FEB}.Debug|Any CPU.Build.0 = Debug|Any CPU
		{1357B5F4-AE0B-DF7D-4D05-FB7545951FEB}.Release|Any CPU.ActiveCfg = Release|Any CPU
		{1357B5F4-AE0B-DF7D-4D05-FB7545951FEB}.Release|Any CPU.Build.0 = Release|Any CPU
		{7A701890-2988-531F-D31B-6DAF38342339}.Debug|Any CPU.ActiveCfg = Debug|Any CPU
		{7A701890-2988-531F-D31B-6DAF38342339}.Debug|Any CPU.Build.0 = Debug|Any CPU
		{7A701890-2988-531F-D31B-6DAF38342339}.Release|Any CPU.ActiveCfg = Release|Any CPU
		{7A701890-2988-531F-D31B-6DAF38342339}.Release|Any CPU.Build.0 = Release|Any CPU
		{89D5013E-9D92-EA9C-9874-4A54A7D0ABD6}.Debug|Any CPU.ActiveCfg = Debug|Any CPU
		{89D5013E-9D92-EA9C-9874-4A54A7D0ABD6}.Debug|Any CPU.Build.0 = Debug|Any CPU
		{89D5013E-9D92-EA9C-9874-4A54A7D0ABD6}.Release|Any CPU.ActiveCfg = Release|Any CPU
		{89D5013E-9D92-EA9C-9874-4A54A7D0ABD6}.Release|Any CPU.Build.0 = Release|Any CPU
		{7D833609-98ED-D02C-2209-DD2B89E48062}.Debug|Any CPU.ActiveCfg = Debug|Any CPU
		{7D833609-98ED-D02C-2209-DD2B89E48062}.Debug|Any CPU.Build.0 = Debug|Any CPU
		{7D833609-98ED-D02C-2209-DD2B89E48062}.Release|Any CPU.ActiveCfg = Release|Any CPU
		{7D833609-98ED-D02C-2209-DD2B89E48062}.Release|Any CPU.Build.0 = Release|Any CPU
		{5A27A16C-1A26-4153-3E6E-0F09E5FB158C}.Debug|Any CPU.ActiveCfg = Debug|Any CPU
		{5A27A16C-1A26-4153-3E6E-0F09E5FB158C}.Debug|Any CPU.Build.0 = Debug|Any CPU
		{5A27A16C-1A26-4153-3E6E-0F09E5FB158C}.Release|Any CPU.ActiveCfg = Release|Any CPU
		{5A27A16C-1A26-4153-3E6E-0F09E5FB158C}.Release|Any CPU.Build.0 = Release|Any CPU
		{B82F8BDD-1814-9B82-7FF5-67C3F6020F90}.Debug|Any CPU.ActiveCfg = Debug|Any CPU
		{B82F8BDD-1814-9B82-7FF5-67C3F6020F90}.Debug|Any CPU.Build.0 = Debug|Any CPU
		{B82F8BDD-1814-9B82-7FF5-67C3F6020F90}.Release|Any CPU.ActiveCfg = Release|Any CPU
		{B82F8BDD-1814-9B82-7FF5-67C3F6020F90}.Release|Any CPU.Build.0 = Release|Any CPU
		{8DBFCC63-A730-3957-5845-DCE9FEB5EA02}.Debug|Any CPU.ActiveCfg = Debug|Any CPU
		{8DBFCC63-A730-3957-5845-DCE9FEB5EA02}.Debug|Any CPU.Build.0 = Debug|Any CPU
		{8DBFCC63-A730-3957-5845-DCE9FEB5EA02}.Release|Any CPU.ActiveCfg = Release|Any CPU
		{8DBFCC63-A730-3957-5845-DCE9FEB5EA02}.Release|Any CPU.Build.0 = Release|Any CPU
		{CFFF97FA-6016-8C7B-F9A1-7428BB88CB0B}.Debug|Any CPU.ActiveCfg = Debug|Any CPU
		{CFFF97FA-6016-8C7B-F9A1-7428BB88CB0B}.Debug|Any CPU.Build.0 = Debug|Any CPU
		{CFFF97FA-6016-8C7B-F9A1-7428BB88CB0B}.Release|Any CPU.ActiveCfg = Release|Any CPU
		{CFFF97FA-6016-8C7B-F9A1-7428BB88CB0B}.Release|Any CPU.Build.0 = Release|Any CPU
		{69E5FDD4-4389-13FF-110D-069877230CBC}.Debug|Any CPU.ActiveCfg = Debug|Any CPU
		{69E5FDD4-4389-13FF-110D-069877230CBC}.Debug|Any CPU.Build.0 = Debug|Any CPU
		{69E5FDD4-4389-13FF-110D-069877230CBC}.Release|Any CPU.ActiveCfg = Release|Any CPU
		{69E5FDD4-4389-13FF-110D-069877230CBC}.Release|Any CPU.Build.0 = Release|Any CPU
		{28F49239-1428-330E-7561-9BD5D6478808}.Debug|Any CPU.ActiveCfg = Debug|Any CPU
		{28F49239-1428-330E-7561-9BD5D6478808}.Debug|Any CPU.Build.0 = Debug|Any CPU
		{28F49239-1428-330E-7561-9BD5D6478808}.Release|Any CPU.ActiveCfg = Release|Any CPU
		{28F49239-1428-330E-7561-9BD5D6478808}.Release|Any CPU.Build.0 = Release|Any CPU
		{E111013B-B03F-7601-4D41-1315048C9EF8}.Debug|Any CPU.ActiveCfg = Debug|Any CPU
		{E111013B-B03F-7601-4D41-1315048C9EF8}.Debug|Any CPU.Build.0 = Debug|Any CPU
		{E111013B-B03F-7601-4D41-1315048C9EF8}.Release|Any CPU.ActiveCfg = Release|Any CPU
		{E111013B-B03F-7601-4D41-1315048C9EF8}.Release|Any CPU.Build.0 = Release|Any CPU
		{B13BB227-863C-EB16-449C-0B971677B05B}.Debug|Any CPU.ActiveCfg = Debug|Any CPU
		{B13BB227-863C-EB16-449C-0B971677B05B}.Debug|Any CPU.Build.0 = Debug|Any CPU
		{B13BB227-863C-EB16-449C-0B971677B05B}.Release|Any CPU.ActiveCfg = Release|Any CPU
		{B13BB227-863C-EB16-449C-0B971677B05B}.Release|Any CPU.Build.0 = Release|Any CPU
		{DE7F67F1-0203-BCD7-661C-C4C72CEA07EE}.Debug|Any CPU.ActiveCfg = Debug|Any CPU
		{DE7F67F1-0203-BCD7-661C-C4C72CEA07EE}.Debug|Any CPU.Build.0 = Debug|Any CPU
		{DE7F67F1-0203-BCD7-661C-C4C72CEA07EE}.Release|Any CPU.ActiveCfg = Release|Any CPU
		{DE7F67F1-0203-BCD7-661C-C4C72CEA07EE}.Release|Any CPU.Build.0 = Release|Any CPU
		{42D6F142-1C7B-39B3-DF47-056672C35399}.Debug|Any CPU.ActiveCfg = Debug|Any CPU
		{42D6F142-1C7B-39B3-DF47-056672C35399}.Debug|Any CPU.Build.0 = Debug|Any CPU
		{42D6F142-1C7B-39B3-DF47-056672C35399}.Release|Any CPU.ActiveCfg = Release|Any CPU
		{42D6F142-1C7B-39B3-DF47-056672C35399}.Release|Any CPU.Build.0 = Release|Any CPU
		{9E702D3B-F680-D70D-AE3B-EDA75C52B4BE}.Debug|Any CPU.ActiveCfg = Debug|Any CPU
		{9E702D3B-F680-D70D-AE3B-EDA75C52B4BE}.Debug|Any CPU.Build.0 = Debug|Any CPU
		{9E702D3B-F680-D70D-AE3B-EDA75C52B4BE}.Release|Any CPU.ActiveCfg = Release|Any CPU
		{9E702D3B-F680-D70D-AE3B-EDA75C52B4BE}.Release|Any CPU.Build.0 = Release|Any CPU
		{4932AB5E-7A5E-4916-75BA-542C6B122AF3}.Debug|Any CPU.ActiveCfg = Debug|Any CPU
		{4932AB5E-7A5E-4916-75BA-542C6B122AF3}.Debug|Any CPU.Build.0 = Debug|Any CPU
		{4932AB5E-7A5E-4916-75BA-542C6B122AF3}.Release|Any CPU.ActiveCfg = Release|Any CPU
		{4932AB5E-7A5E-4916-75BA-542C6B122AF3}.Release|Any CPU.Build.0 = Release|Any CPU
		{41098D28-AF0D-D287-4292-EF3F25391724}.Debug|Any CPU.ActiveCfg = Debug|Any CPU
		{41098D28-AF0D-D287-4292-EF3F25391724}.Debug|Any CPU.Build.0 = Debug|Any CPU
		{41098D28-AF0D-D287-4292-EF3F25391724}.Release|Any CPU.ActiveCfg = Release|Any CPU
		{41098D28-AF0D-D287-4292-EF3F25391724}.Release|Any CPU.Build.0 = Release|Any CPU
		{23976674-91A8-A4E0-D739-BCBC7CC49031}.Debug|Any CPU.ActiveCfg = Debug|Any CPU
		{23976674-91A8-A4E0-D739-BCBC7CC49031}.Debug|Any CPU.Build.0 = Debug|Any CPU
		{23976674-91A8-A4E0-D739-BCBC7CC49031}.Release|Any CPU.ActiveCfg = Release|Any CPU
		{23976674-91A8-A4E0-D739-BCBC7CC49031}.Release|Any CPU.Build.0 = Release|Any CPU
		{2AB0A6AE-53B1-4A74-5EB2-208065608BD6}.Debug|Any CPU.ActiveCfg = Debug|Any CPU
		{2AB0A6AE-53B1-4A74-5EB2-208065608BD6}.Debug|Any CPU.Build.0 = Debug|Any CPU
		{2AB0A6AE-53B1-4A74-5EB2-208065608BD6}.Release|Any CPU.ActiveCfg = Release|Any CPU
		{2AB0A6AE-53B1-4A74-5EB2-208065608BD6}.Release|Any CPU.Build.0 = Release|Any CPU
		{DDA061AA-D8F6-C512-793C-D3F6BD8B8211}.Debug|Any CPU.ActiveCfg = Debug|Any CPU
		{DDA061AA-D8F6-C512-793C-D3F6BD8B8211}.Debug|Any CPU.Build.0 = Debug|Any CPU
		{DDA061AA-D8F6-C512-793C-D3F6BD8B8211}.Release|Any CPU.ActiveCfg = Release|Any CPU
		{DDA061AA-D8F6-C512-793C-D3F6BD8B8211}.Release|Any CPU.Build.0 = Release|Any CPU
		{037DFD76-448B-E6CF-A0E5-3614AA95CC45}.Debug|Any CPU.ActiveCfg = Debug|Any CPU
		{037DFD76-448B-E6CF-A0E5-3614AA95CC45}.Debug|Any CPU.Build.0 = Debug|Any CPU
		{037DFD76-448B-E6CF-A0E5-3614AA95CC45}.Release|Any CPU.ActiveCfg = Release|Any CPU
		{037DFD76-448B-E6CF-A0E5-3614AA95CC45}.Release|Any CPU.Build.0 = Release|Any CPU
		{7E18378F-DADA-A2DB-A993-C21ED6E29142}.Debug|Any CPU.ActiveCfg = Debug|Any CPU
		{7E18378F-DADA-A2DB-A993-C21ED6E29142}.Debug|Any CPU.Build.0 = Debug|Any CPU
		{7E18378F-DADA-A2DB-A993-C21ED6E29142}.Release|Any CPU.ActiveCfg = Release|Any CPU
		{7E18378F-DADA-A2DB-A993-C21ED6E29142}.Release|Any CPU.Build.0 = Release|Any CPU
		{026F7D02-CE0B-8E68-7F51-DA3A8AE0B378}.Debug|Any CPU.ActiveCfg = Debug|Any CPU
		{026F7D02-CE0B-8E68-7F51-DA3A8AE0B378}.Debug|Any CPU.Build.0 = Debug|Any CPU
		{026F7D02-CE0B-8E68-7F51-DA3A8AE0B378}.Release|Any CPU.ActiveCfg = Release|Any CPU
		{026F7D02-CE0B-8E68-7F51-DA3A8AE0B378}.Release|Any CPU.Build.0 = Release|Any CPU
		{C6274C59-670E-EE34-D492-CA2A498A8C30}.Debug|Any CPU.ActiveCfg = Debug|Any CPU
		{C6274C59-670E-EE34-D492-CA2A498A8C30}.Debug|Any CPU.Build.0 = Debug|Any CPU
		{C6274C59-670E-EE34-D492-CA2A498A8C30}.Release|Any CPU.ActiveCfg = Release|Any CPU
		{C6274C59-670E-EE34-D492-CA2A498A8C30}.Release|Any CPU.Build.0 = Release|Any CPU
		{EC6BBF03-5C94-6AB1-B89B-BDC8D113B64A}.Debug|Any CPU.ActiveCfg = Debug|Any CPU
		{EC6BBF03-5C94-6AB1-B89B-BDC8D113B64A}.Debug|Any CPU.Build.0 = Debug|Any CPU
		{EC6BBF03-5C94-6AB1-B89B-BDC8D113B64A}.Release|Any CPU.ActiveCfg = Release|Any CPU
		{EC6BBF03-5C94-6AB1-B89B-BDC8D113B64A}.Release|Any CPU.Build.0 = Release|Any CPU
		{6B3B78FE-A1C9-0E59-ADD0-28A67CB1F5F4}.Debug|Any CPU.ActiveCfg = Debug|Any CPU
		{6B3B78FE-A1C9-0E59-ADD0-28A67CB1F5F4}.Debug|Any CPU.Build.0 = Debug|Any CPU
		{6B3B78FE-A1C9-0E59-ADD0-28A67CB1F5F4}.Release|Any CPU.ActiveCfg = Release|Any CPU
		{6B3B78FE-A1C9-0E59-ADD0-28A67CB1F5F4}.Release|Any CPU.Build.0 = Release|Any CPU
		{CAFB6F11-A96B-B34F-E9CB-432A3DF9A8D4}.Debug|Any CPU.ActiveCfg = Debug|Any CPU
		{CAFB6F11-A96B-B34F-E9CB-432A3DF9A8D4}.Debug|Any CPU.Build.0 = Debug|Any CPU
		{CAFB6F11-A96B-B34F-E9CB-432A3DF9A8D4}.Release|Any CPU.ActiveCfg = Release|Any CPU
		{CAFB6F11-A96B-B34F-E9CB-432A3DF9A8D4}.Release|Any CPU.Build.0 = Release|Any CPU
		{F8373432-550D-C0E9-A4A1-E74B96BD7E36}.Debug|Any CPU.ActiveCfg = Debug|Any CPU
		{F8373432-550D-C0E9-A4A1-E74B96BD7E36}.Debug|Any CPU.Build.0 = Debug|Any CPU
		{F8373432-550D-C0E9-A4A1-E74B96BD7E36}.Release|Any CPU.ActiveCfg = Release|Any CPU
		{F8373432-550D-C0E9-A4A1-E74B96BD7E36}.Release|Any CPU.Build.0 = Release|Any CPU
		{3640C902-644F-9C34-B948-20C898CDF2BA}.Debug|Any CPU.ActiveCfg = Debug|Any CPU
		{3640C902-644F-9C34-B948-20C898CDF2BA}.Debug|Any CPU.Build.0 = Debug|Any CPU
		{3640C902-644F-9C34-B948-20C898CDF2BA}.Release|Any CPU.ActiveCfg = Release|Any CPU
		{3640C902-644F-9C34-B948-20C898CDF2BA}.Release|Any CPU.Build.0 = Release|Any CPU
		{EE7A5ABC-C366-FB00-A43D-B641EFE9BD71}.Debug|Any CPU.ActiveCfg = Debug|Any CPU
		{EE7A5ABC-C366-FB00-A43D-B641EFE9BD71}.Debug|Any CPU.Build.0 = Debug|Any CPU
		{EE7A5ABC-C366-FB00-A43D-B641EFE9BD71}.Release|Any CPU.ActiveCfg = Release|Any CPU
		{EE7A5ABC-C366-FB00-A43D-B641EFE9BD71}.Release|Any CPU.Build.0 = Release|Any CPU
		{4EFE55D2-1AEA-DA98-D4D5-17B0A4624678}.Debug|Any CPU.ActiveCfg = Debug|Any CPU
		{4EFE55D2-1AEA-DA98-D4D5-17B0A4624678}.Debug|Any CPU.Build.0 = Debug|Any CPU
		{4EFE55D2-1AEA-DA98-D4D5-17B0A4624678}.Release|Any CPU.ActiveCfg = Release|Any CPU
		{4EFE55D2-1AEA-DA98-D4D5-17B0A4624678}.Release|Any CPU.Build.0 = Release|Any CPU
		{3AB86B7C-4013-F941-DD99-7BB3807F39DC}.Debug|Any CPU.ActiveCfg = Debug|Any CPU
		{3AB86B7C-4013-F941-DD99-7BB3807F39DC}.Debug|Any CPU.Build.0 = Debug|Any CPU
		{3AB86B7C-4013-F941-DD99-7BB3807F39DC}.Release|Any CPU.ActiveCfg = Release|Any CPU
		{3AB86B7C-4013-F941-DD99-7BB3807F39DC}.Release|Any CPU.Build.0 = Release|Any CPU
		{EA4ADCA7-ED37-BBDD-30D2-E851802F2A74}.Debug|Any CPU.ActiveCfg = Debug|Any CPU
		{EA4ADCA7-ED37-BBDD-30D2-E851802F2A74}.Debug|Any CPU.Build.0 = Debug|Any CPU
		{EA4ADCA7-ED37-BBDD-30D2-E851802F2A74}.Release|Any CPU.ActiveCfg = Release|Any CPU
		{EA4ADCA7-ED37-BBDD-30D2-E851802F2A74}.Release|Any CPU.Build.0 = Release|Any CPU
		{EB762045-A8FF-7C00-F882-21509779C34C}.Debug|Any CPU.ActiveCfg = Debug|Any CPU
		{EB762045-A8FF-7C00-F882-21509779C34C}.Debug|Any CPU.Build.0 = Debug|Any CPU
		{EB762045-A8FF-7C00-F882-21509779C34C}.Release|Any CPU.ActiveCfg = Release|Any CPU
		{EB762045-A8FF-7C00-F882-21509779C34C}.Release|Any CPU.Build.0 = Release|Any CPU
		{7D1E8D53-AB14-0B24-E6F3-263EFD381EE1}.Debug|Any CPU.ActiveCfg = Debug|Any CPU
		{7D1E8D53-AB14-0B24-E6F3-263EFD381EE1}.Debug|Any CPU.Build.0 = Debug|Any CPU
		{7D1E8D53-AB14-0B24-E6F3-263EFD381EE1}.Release|Any CPU.ActiveCfg = Release|Any CPU
		{7D1E8D53-AB14-0B24-E6F3-263EFD381EE1}.Release|Any CPU.Build.0 = Release|Any CPU
		{AC7952DD-FB84-5D12-57B7-ABC729363E84}.Debug|Any CPU.ActiveCfg = Debug|Any CPU
		{AC7952DD-FB84-5D12-57B7-ABC729363E84}.Debug|Any CPU.Build.0 = Debug|Any CPU
		{AC7952DD-FB84-5D12-57B7-ABC729363E84}.Release|Any CPU.ActiveCfg = Release|Any CPU
		{AC7952DD-FB84-5D12-57B7-ABC729363E84}.Release|Any CPU.Build.0 = Release|Any CPU
		{9FF71DDA-AE99-0D57-F157-3DE7621B3CEA}.Debug|Any CPU.ActiveCfg = Debug|Any CPU
		{9FF71DDA-AE99-0D57-F157-3DE7621B3CEA}.Debug|Any CPU.Build.0 = Debug|Any CPU
		{9FF71DDA-AE99-0D57-F157-3DE7621B3CEA}.Release|Any CPU.ActiveCfg = Release|Any CPU
		{9FF71DDA-AE99-0D57-F157-3DE7621B3CEA}.Release|Any CPU.Build.0 = Release|Any CPU
		{BC695EF5-F445-1A5B-27C4-7C9982F69527}.Debug|Any CPU.ActiveCfg = Debug|Any CPU
		{BC695EF5-F445-1A5B-27C4-7C9982F69527}.Debug|Any CPU.Build.0 = Debug|Any CPU
		{BC695EF5-F445-1A5B-27C4-7C9982F69527}.Release|Any CPU.ActiveCfg = Release|Any CPU
		{BC695EF5-F445-1A5B-27C4-7C9982F69527}.Release|Any CPU.Build.0 = Release|Any CPU
		{4CD8F719-C92F-CB92-58EE-AB50DDF60F99}.Debug|Any CPU.ActiveCfg = Debug|Any CPU
		{4CD8F719-C92F-CB92-58EE-AB50DDF60F99}.Debug|Any CPU.Build.0 = Debug|Any CPU
		{4CD8F719-C92F-CB92-58EE-AB50DDF60F99}.Release|Any CPU.ActiveCfg = Release|Any CPU
		{4CD8F719-C92F-CB92-58EE-AB50DDF60F99}.Release|Any CPU.Build.0 = Release|Any CPU
		{FE5DC3D5-7BED-147A-E6BC-CAD1601300F8}.Debug|Any CPU.ActiveCfg = Debug|Any CPU
		{FE5DC3D5-7BED-147A-E6BC-CAD1601300F8}.Debug|Any CPU.Build.0 = Debug|Any CPU
		{FE5DC3D5-7BED-147A-E6BC-CAD1601300F8}.Release|Any CPU.ActiveCfg = Release|Any CPU
		{FE5DC3D5-7BED-147A-E6BC-CAD1601300F8}.Release|Any CPU.Build.0 = Release|Any CPU
		{7DE30988-5E7F-32A4-EC2F-465671C8A735}.Debug|Any CPU.ActiveCfg = Debug|Any CPU
		{7DE30988-5E7F-32A4-EC2F-465671C8A735}.Debug|Any CPU.Build.0 = Debug|Any CPU
		{7DE30988-5E7F-32A4-EC2F-465671C8A735}.Release|Any CPU.ActiveCfg = Release|Any CPU
		{7DE30988-5E7F-32A4-EC2F-465671C8A735}.Release|Any CPU.Build.0 = Release|Any CPU
		{48B34947-ABF9-6A34-7C5B-C86F79B79C1A}.Debug|Any CPU.ActiveCfg = Debug|Any CPU
		{48B34947-ABF9-6A34-7C5B-C86F79B79C1A}.Debug|Any CPU.Build.0 = Debug|Any CPU
		{48B34947-ABF9-6A34-7C5B-C86F79B79C1A}.Release|Any CPU.ActiveCfg = Release|Any CPU
		{48B34947-ABF9-6A34-7C5B-C86F79B79C1A}.Release|Any CPU.Build.0 = Release|Any CPU
		{15BD0B2E-7FE9-A08C-EAE1-D3882DAC4D13}.Debug|Any CPU.ActiveCfg = Debug|Any CPU
		{15BD0B2E-7FE9-A08C-EAE1-D3882DAC4D13}.Debug|Any CPU.Build.0 = Debug|Any CPU
		{15BD0B2E-7FE9-A08C-EAE1-D3882DAC4D13}.Release|Any CPU.ActiveCfg = Release|Any CPU
		{15BD0B2E-7FE9-A08C-EAE1-D3882DAC4D13}.Release|Any CPU.Build.0 = Release|Any CPU
		{36EEF708-2175-6446-6243-5F71F0726CD0}.Debug|Any CPU.ActiveCfg = Debug|Any CPU
		{36EEF708-2175-6446-6243-5F71F0726CD0}.Debug|Any CPU.Build.0 = Debug|Any CPU
		{36EEF708-2175-6446-6243-5F71F0726CD0}.Release|Any CPU.ActiveCfg = Release|Any CPU
		{36EEF708-2175-6446-6243-5F71F0726CD0}.Release|Any CPU.Build.0 = Release|Any CPU
		{08B433A6-AA18-DE82-EA3D-8688DB6C3A95}.Debug|Any CPU.ActiveCfg = Debug|Any CPU
		{08B433A6-AA18-DE82-EA3D-8688DB6C3A95}.Debug|Any CPU.Build.0 = Debug|Any CPU
		{08B433A6-AA18-DE82-EA3D-8688DB6C3A95}.Release|Any CPU.ActiveCfg = Release|Any CPU
		{08B433A6-AA18-DE82-EA3D-8688DB6C3A95}.Release|Any CPU.Build.0 = Release|Any CPU
		{D3C5D2C4-3047-7568-2A5C-AC43E1C6E35B}.Debug|Any CPU.ActiveCfg = Debug|Any CPU
		{D3C5D2C4-3047-7568-2A5C-AC43E1C6E35B}.Debug|Any CPU.Build.0 = Debug|Any CPU
		{D3C5D2C4-3047-7568-2A5C-AC43E1C6E35B}.Release|Any CPU.ActiveCfg = Release|Any CPU
		{D3C5D2C4-3047-7568-2A5C-AC43E1C6E35B}.Release|Any CPU.Build.0 = Release|Any CPU
		{E34ABFFD-39F0-CA07-3C05-A9341AA62BD8}.Debug|Any CPU.ActiveCfg = Debug|Any CPU
		{E34ABFFD-39F0-CA07-3C05-A9341AA62BD8}.Debug|Any CPU.Build.0 = Debug|Any CPU
		{E34ABFFD-39F0-CA07-3C05-A9341AA62BD8}.Release|Any CPU.ActiveCfg = Release|Any CPU
		{E34ABFFD-39F0-CA07-3C05-A9341AA62BD8}.Release|Any CPU.Build.0 = Release|Any CPU
		{726037B9-C9B6-BE80-0123-7CBA393FC343}.Debug|Any CPU.ActiveCfg = Debug|Any CPU
		{726037B9-C9B6-BE80-0123-7CBA393FC343}.Debug|Any CPU.Build.0 = Debug|Any CPU
		{726037B9-C9B6-BE80-0123-7CBA393FC343}.Release|Any CPU.ActiveCfg = Release|Any CPU
		{726037B9-C9B6-BE80-0123-7CBA393FC343}.Release|Any CPU.Build.0 = Release|Any CPU
		{A6D33E05-1098-70E2-3BD2-1E77BBEAB910}.Debug|Any CPU.ActiveCfg = Debug|Any CPU
		{A6D33E05-1098-70E2-3BD2-1E77BBEAB910}.Debug|Any CPU.Build.0 = Debug|Any CPU
		{A6D33E05-1098-70E2-3BD2-1E77BBEAB910}.Release|Any CPU.ActiveCfg = Release|Any CPU
		{A6D33E05-1098-70E2-3BD2-1E77BBEAB910}.Release|Any CPU.Build.0 = Release|Any CPU
		{73B6BCED-B681-7AC9-7989-B935862D54F9}.Debug|Any CPU.ActiveCfg = Debug|Any CPU
		{73B6BCED-B681-7AC9-7989-B935862D54F9}.Debug|Any CPU.Build.0 = Debug|Any CPU
		{73B6BCED-B681-7AC9-7989-B935862D54F9}.Release|Any CPU.ActiveCfg = Release|Any CPU
		{73B6BCED-B681-7AC9-7989-B935862D54F9}.Release|Any CPU.Build.0 = Release|Any CPU
		{C6D2043F-40D3-56F4-02E8-6E44AB44C687}.Debug|Any CPU.ActiveCfg = Debug|Any CPU
		{C6D2043F-40D3-56F4-02E8-6E44AB44C687}.Debug|Any CPU.Build.0 = Debug|Any CPU
		{C6D2043F-40D3-56F4-02E8-6E44AB44C687}.Release|Any CPU.ActiveCfg = Release|Any CPU
		{C6D2043F-40D3-56F4-02E8-6E44AB44C687}.Release|Any CPU.Build.0 = Release|Any CPU
		{6C497CB6-B836-D609-EBED-B3FE0163F87C}.Debug|Any CPU.ActiveCfg = Debug|Any CPU
		{6C497CB6-B836-D609-EBED-B3FE0163F87C}.Debug|Any CPU.Build.0 = Debug|Any CPU
		{6C497CB6-B836-D609-EBED-B3FE0163F87C}.Release|Any CPU.ActiveCfg = Release|Any CPU
		{6C497CB6-B836-D609-EBED-B3FE0163F87C}.Release|Any CPU.Build.0 = Release|Any CPU
		{F22D2714-C18F-3482-7647-ACD27C359F67}.Debug|Any CPU.ActiveCfg = Debug|Any CPU
		{F22D2714-C18F-3482-7647-ACD27C359F67}.Debug|Any CPU.Build.0 = Debug|Any CPU
		{F22D2714-C18F-3482-7647-ACD27C359F67}.Release|Any CPU.ActiveCfg = Release|Any CPU
		{F22D2714-C18F-3482-7647-ACD27C359F67}.Release|Any CPU.Build.0 = Release|Any CPU
	EndGlobalSection
	GlobalSection(SolutionProperties) = preSolution
		HideSolutionNode = FALSE
	EndGlobalSection
EndGlobal
